// !$*UTF8*$!
{
	archiveVersion = 1;
	classes = {
	};
	objectVersion = 50;
	objects = {

/* Begin PBXBuildFile section */
		A33F794D2507E2A500D665AC /* AppDelegate.swift in Sources */ = {isa = PBXBuildFile; fileRef = A33F794C2507E2A500D665AC /* AppDelegate.swift */; };
		A33F794F2507E2A500D665AC /* SceneDelegate.swift in Sources */ = {isa = PBXBuildFile; fileRef = A33F794E2507E2A500D665AC /* SceneDelegate.swift */; };
		A33F79512507E2A500D665AC /* ContentView.swift in Sources */ = {isa = PBXBuildFile; fileRef = A33F79502507E2A500D665AC /* ContentView.swift */; };
		A33F79532507E2A700D665AC /* Assets.xcassets in Resources */ = {isa = PBXBuildFile; fileRef = A33F79522507E2A700D665AC /* Assets.xcassets */; };
		A33F79562507E2A700D665AC /* Preview Assets.xcassets in Resources */ = {isa = PBXBuildFile; fileRef = A33F79552507E2A700D665AC /* Preview Assets.xcassets */; };
		A33F79592507E2A700D665AC /* LaunchScreen.storyboard in Resources */ = {isa = PBXBuildFile; fileRef = A33F79572507E2A700D665AC /* LaunchScreen.storyboard */; };
/* End PBXBuildFile section */

/* Begin PBXFileReference section */
		A33F79492507E2A500D665AC /* swiftUItestProgect.app */ = {isa = PBXFileReference; explicitFileType = wrapper.application; includeInIndex = 0; path = swiftUItestProgect.app; sourceTree = BUILT_PRODUCTS_DIR; };
		A33F794C2507E2A500D665AC /* AppDelegate.swift */ = {isa = PBXFileReference; lastKnownFileType = sourcecode.swift; path = AppDelegate.swift; sourceTree = "<group>"; };
		A33F794E2507E2A500D665AC /* SceneDelegate.swift */ = {isa = PBXFileReference; lastKnownFileType = sourcecode.swift; path = SceneDelegate.swift; sourceTree = "<group>"; };
		A33F79502507E2A500D665AC /* ContentView.swift */ = {isa = PBXFileReference; lastKnownFileType = sourcecode.swift; path = ContentView.swift; sourceTree = "<group>"; };
		A33F79522507E2A700D665AC /* Assets.xcassets */ = {isa = PBXFileReference; lastKnownFileType = folder.assetcatalog; path = Assets.xcassets; sourceTree = "<group>"; };
		A33F79552507E2A700D665AC /* Preview Assets.xcassets */ = {isa = PBXFileReference; lastKnownFileType = folder.assetcatalog; path = "Preview Assets.xcassets"; sourceTree = "<group>"; };
		A33F79582507E2A700D665AC /* Base */ = {isa = PBXFileReference; lastKnownFileType = file.storyboard; name = Base; path = Base.lproj/LaunchScreen.storyboard; sourceTree = "<group>"; };
		A33F795A2507E2A700D665AC /* Info.plist */ = {isa = PBXFileReference; lastKnownFileType = text.plist.xml; path = Info.plist; sourceTree = "<group>"; };
/* End PBXFileReference section */

/* Begin PBXFrameworksBuildPhase section */
		A33F79462507E2A500D665AC /* Frameworks */ = {
			isa = PBXFrameworksBuildPhase;
			buildActionMask = 2147483647;
			files = (
			);
			runOnlyForDeploymentPostprocessing = 0;
		};
/* End PBXFrameworksBuildPhase section */

/* Begin PBXGroup section */
		A33F79402507E2A500D665AC = {
			isa = PBXGroup;
			children = (
				A33F794B2507E2A500D665AC /* swiftUItestProgect */,
				A33F794A2507E2A500D665AC /* Products */,
			);
			sourceTree = "<group>";
		};
		A33F794A2507E2A500D665AC /* Products */ = {
			isa = PBXGroup;
			children = (
				A33F79492507E2A500D665AC /* swiftUItestProgect.app */,
			);
			name = Products;
			sourceTree = "<group>";
		};
		A33F794B2507E2A500D665AC /* swiftUItestProgect */ = {
			isa = PBXGroup;
			children = (
				A33F794C2507E2A500D665AC /* AppDelegate.swift */,
				A33F794E2507E2A500D665AC /* SceneDelegate.swift */,
				A33F79502507E2A500D665AC /* ContentView.swift */,
				A33F79522507E2A700D665AC /* Assets.xcassets */,
				A33F79572507E2A700D665AC /* LaunchScreen.storyboard */,
				A33F795A2507E2A700D665AC /* Info.plist */,
				A33F79542507E2A700D665AC /* Preview Content */,
			);
			path = swiftUItestProgect;
			sourceTree = "<group>";
		};
		A33F79542507E2A700D665AC /* Preview Content */ = {
			isa = PBXGroup;
			children = (
				A33F79552507E2A700D665AC /* Preview Assets.xcassets */,
			);
			path = "Preview Content";
			sourceTree = "<group>";
		};
/* End PBXGroup section */

/* Begin PBXNativeTarget section */
		A33F79482507E2A500D665AC /* swiftUItestProgect */ = {
			isa = PBXNativeTarget;
			buildConfigurationList = A33F795D2507E2A700D665AC /* Build configuration list for PBXNativeTarget "swiftUItestProgect" */;
			buildPhases = (
				A33F79452507E2A500D665AC /* Sources */,
				A33F79462507E2A500D665AC /* Frameworks */,
				A33F79472507E2A500D665AC /* Resources */,
			);
			buildRules = (
			);
			dependencies = (
			);
			name = swiftUItestProgect;
			productName = swiftUItestProgect;
			productReference = A33F79492507E2A500D665AC /* swiftUItestProgect.app */;
			productType = "com.apple.product-type.application";
		};
/* End PBXNativeTarget section */

/* Begin PBXProject section */
		A33F79412507E2A500D665AC /* Project object */ = {
			isa = PBXProject;
			attributes = {
				LastSwiftUpdateCheck = 1160;
				LastUpgradeCheck = 1160;
				ORGANIZATIONNAME = fedir;
				TargetAttributes = {
					A33F79482507E2A500D665AC = {
						CreatedOnToolsVersion = 11.6;
					};
				};
			};
			buildConfigurationList = A33F79442507E2A500D665AC /* Build configuration list for PBXProject "swiftUItestProgect" */;
			compatibilityVersion = "Xcode 9.3";
			developmentRegion = en;
			hasScannedForEncodings = 0;
			knownRegions = (
				en,
				Base,
			);
			mainGroup = A33F79402507E2A500D665AC;
			productRefGroup = A33F794A2507E2A500D665AC /* Products */;
			projectDirPath = "";
			projectRoot = "";
			targets = (
				A33F79482507E2A500D665AC /* swiftUItestProgect */,
			);
		};
/* End PBXProject section */

/* Begin PBXResourcesBuildPhase section */
		A33F79472507E2A500D665AC /* Resources */ = {
			isa = PBXResourcesBuildPhase;
			buildActionMask = 2147483647;
			files = (
				A33F79592507E2A700D665AC /* LaunchScreen.storyboard in Resources */,
				A33F79562507E2A700D665AC /* Preview Assets.xcassets in Resources */,
				A33F79532507E2A700D665AC /* Assets.xcassets in Resources */,
			);
			runOnlyForDeploymentPostprocessing = 0;
		};
/* End PBXResourcesBuildPhase section */

/* Begin PBXSourcesBuildPhase section */
		A33F79452507E2A500D665AC /* Sources */ = {
			isa = PBXSourcesBuildPhase;
			buildActionMask = 2147483647;
			files = (
				A33F794D2507E2A500D665AC /* AppDelegate.swift in Sources */,
				A33F794F2507E2A500D665AC /* SceneDelegate.swift in Sources */,
				A33F79512507E2A500D665AC /* ContentView.swift in Sources */,
			);
			runOnlyForDeploymentPostprocessing = 0;
		};
/* End PBXSourcesBuildPhase section */

/* Begin PBXVariantGroup section */
		A33F79572507E2A700D665AC /* LaunchScreen.storyboard */ = {
			isa = PBXVariantGroup;
			children = (
				A33F79582507E2A700D665AC /* Base */,
			);
			name = LaunchScreen.storyboard;
			sourceTree = "<group>";
		};
/* End PBXVariantGroup section */

/* Begin XCBuildConfiguration section */
		A33F795B2507E2A700D665AC /* Debug */ = {
			isa = XCBuildConfiguration;
			buildSettings = {
				ALWAYS_SEARCH_USER_PATHS = NO;
				CLANG_ANALYZER_NONNULL = YES;
				CLANG_ANALYZER_NUMBER_OBJECT_CONVERSION = YES_AGGRESSIVE;
				CLANG_CXX_LANGUAGE_STANDARD = "gnu++14";
				CLANG_CXX_LIBRARY = "libc++";
				CLANG_ENABLE_MODULES = YES;
				CLANG_ENABLE_OBJC_ARC = YES;
				CLANG_ENABLE_OBJC_WEAK = YES;
				CLANG_WARN_BLOCK_CAPTURE_AUTORELEASING = YES;
				CLANG_WARN_BOOL_CONVERSION = YES;
				CLANG_WARN_COMMA = YES;
				CLANG_WARN_CONSTANT_CONVERSION = YES;
				CLANG_WARN_DEPRECATED_OBJC_IMPLEMENTATIONS = YES;
				CLANG_WARN_DIRECT_OBJC_ISA_USAGE = YES_ERROR;
				CLANG_WARN_DOCUMENTATION_COMMENTS = YES;
				CLANG_WARN_EMPTY_BODY = YES;
				CLANG_WARN_ENUM_CONVERSION = YES;
				CLANG_WARN_INFINITE_RECURSION = YES;
				CLANG_WARN_INT_CONVERSION = YES;
				CLANG_WARN_NON_LITERAL_NULL_CONVERSION = YES;
				CLANG_WARN_OBJC_IMPLICIT_RETAIN_SELF = YES;
				CLANG_WARN_OBJC_LITERAL_CONVERSION = YES;
				CLANG_WARN_OBJC_ROOT_CLASS = YES_ERROR;
				CLANG_WARN_RANGE_LOOP_ANALYSIS = YES;
				CLANG_WARN_STRICT_PROTOTYPES = YES;
				CLANG_WARN_SUSPICIOUS_MOVE = YES;
				CLANG_WARN_UNGUARDED_AVAILABILITY = YES_AGGRESSIVE;
				CLANG_WARN_UNREACHABLE_CODE = YES;
				CLANG_WARN__DUPLICATE_METHOD_MATCH = YES;
				COPY_PHASE_STRIP = NO;
				DEBUG_INFORMATION_FORMAT = dwarf;
				ENABLE_STRICT_OBJC_MSGSEND = YES;
				ENABLE_TESTABILITY = YES;
				GCC_C_LANGUAGE_STANDARD = gnu11;
				GCC_DYNAMIC_NO_PIC = NO;
				GCC_NO_COMMON_BLOCKS = YES;
				GCC_OPTIMIZATION_LEVEL = 0;
				GCC_PREPROCESSOR_DEFINITIONS = (
					"DEBUG=1",
					"$(inherited)",
				);
				GCC_WARN_64_TO_32_BIT_CONVERSION = YES;
				GCC_WARN_ABOUT_RETURN_TYPE = YES_ERROR;
				GCC_WARN_UNDECLARED_SELECTOR = YES;
				GCC_WARN_UNINITIALIZED_AUTOS = YES_AGGRESSIVE;
				GCC_WARN_UNUSED_FUNCTION = YES;
				GCC_WARN_UNUSED_VARIABLE = YES;
				IPHONEOS_DEPLOYMENT_TARGET = 13.6;
				MTL_ENABLE_DEBUG_INFO = INCLUDE_SOURCE;
				MTL_FAST_MATH = YES;
				ONLY_ACTIVE_ARCH = YES;
				SDKROOT = iphoneos;
				SWIFT_ACTIVE_COMPILATION_CONDITIONS = DEBUG;
				SWIFT_OPTIMIZATION_LEVEL = "-Onone";
			};
			name = Debug;
		};
		A33F795C2507E2A700D665AC /* Release */ = {
			isa = XCBuildConfiguration;
			buildSettings = {
				ALWAYS_SEARCH_USER_PATHS = NO;
				CLANG_ANALYZER_NONNULL = YES;
				CLANG_ANALYZER_NUMBER_OBJECT_CONVERSION = YES_AGGRESSIVE;
				CLANG_CXX_LANGUAGE_STANDARD = "gnu++14";
				CLANG_CXX_LIBRARY = "libc++";
				CLANG_ENABLE_MODULES = YES;
				CLANG_ENABLE_OBJC_ARC = YES;
				CLANG_ENABLE_OBJC_WEAK = YES;
				CLANG_WARN_BLOCK_CAPTURE_AUTORELEASING = YES;
				CLANG_WARN_BOOL_CONVERSION = YES;
				CLANG_WARN_COMMA = YES;
				CLANG_WARN_CONSTANT_CONVERSION = YES;
				CLANG_WARN_DEPRECATED_OBJC_IMPLEMENTATIONS = YES;
				CLANG_WARN_DIRECT_OBJC_ISA_USAGE = YES_ERROR;
				CLANG_WARN_DOCUMENTATION_COMMENTS = YES;
				CLANG_WARN_EMPTY_BODY = YES;
				CLANG_WARN_ENUM_CONVERSION = YES;
				CLANG_WARN_INFINITE_RECURSION = YES;
				CLANG_WARN_INT_CONVERSION = YES;
				CLANG_WARN_NON_LITERAL_NULL_CONVERSION = YES;
				CLANG_WARN_OBJC_IMPLICIT_RETAIN_SELF = YES;
				CLANG_WARN_OBJC_LITERAL_CONVERSION = YES;
				CLANG_WARN_OBJC_ROOT_CLASS = YES_ERROR;
				CLANG_WARN_RANGE_LOOP_ANALYSIS = YES;
				CLANG_WARN_STRICT_PROTOTYPES = YES;
				CLANG_WARN_SUSPICIOUS_MOVE = YES;
				CLANG_WARN_UNGUARDED_AVAILABILITY = YES_AGGRESSIVE;
				CLANG_WARN_UNREACHABLE_CODE = YES;
				CLANG_WARN__DUPLICATE_METHOD_MATCH = YES;
				COPY_PHASE_STRIP = NO;
				DEBUG_INFORMATION_FORMAT = "dwarf-with-dsym";
				ENABLE_NS_ASSERTIONS = NO;
				ENABLE_STRICT_OBJC_MSGSEND = YES;
				GCC_C_LANGUAGE_STANDARD = gnu11;
				GCC_NO_COMMON_BLOCKS = YES;
				GCC_WARN_64_TO_32_BIT_CONVERSION = YES;
				GCC_WARN_ABOUT_RETURN_TYPE = YES_ERROR;
				GCC_WARN_UNDECLARED_SELECTOR = YES;
				GCC_WARN_UNINITIALIZED_AUTOS = YES_AGGRESSIVE;
				GCC_WARN_UNUSED_FUNCTION = YES;
				GCC_WARN_UNUSED_VARIABLE = YES;
				IPHONEOS_DEPLOYMENT_TARGET = 13.6;
				MTL_ENABLE_DEBUG_INFO = NO;
				MTL_FAST_MATH = YES;
				SDKROOT = iphoneos;
				SWIFT_COMPILATION_MODE = wholemodule;
				SWIFT_OPTIMIZATION_LEVEL = "-O";
				VALIDATE_PRODUCT = YES;
			};
			name = Release;
		};
		A33F795E2507E2A700D665AC /* Debug */ = {
			isa = XCBuildConfiguration;
			buildSettings = {
				ASSETCATALOG_COMPILER_APPICON_NAME = AppIcon;
				CODE_SIGN_STYLE = Automatic;
				DEVELOPMENT_ASSET_PATHS = "\"swiftUItestProgect/Preview Content\"";
				DEVELOPMENT_TEAM = YPXDVQFQ53;
				ENABLE_PREVIEWS = YES;
				INFOPLIST_FILE = swiftUItestProgect/Info.plist;
				LD_RUNPATH_SEARCH_PATHS = (
					"$(inherited)",
					"@executable_path/Frameworks",
				);
				PRODUCT_BUNDLE_IDENTIFIER = fedir72.swiftUItestProgect;
				PRODUCT_NAME = "$(TARGET_NAME)";
				SWIFT_VERSION = 5.0;
				TARGETED_DEVICE_FAMILY = "1,2";
			};
			name = Debug;
		};
		A33F795F2507E2A700D665AC /* Release */ = {
			isa = XCBuildConfiguration;
			buildSettings = {
				ASSETCATALOG_COMPILER_APPICON_NAME = AppIcon;
				CODE_SIGN_STYLE = Automatic;
				DEVELOPMENT_ASSET_PATHS = "\"swiftUItestProgect/Preview Content\"";
				DEVELOPMENT_TEAM = YPXDVQFQ53;
				ENABLE_PREVIEWS = YES;
				INFOPLIST_FILE = swiftUItestProgect/Info.plist;
				LD_RUNPATH_SEARCH_PATHS = (
					"$(inherited)",
					"@executable_path/Frameworks",
				);
				PRODUCT_BUNDLE_IDENTIFIER = fedir72.swiftUItestProgect;
				PRODUCT_NAME = "$(TARGET_NAME)";
				SWIFT_VERSION = 5.0;
				TARGETED_DEVICE_FAMILY = "1,2";
			};
			name = Release;
		};
/* End XCBuildConfiguration section */

/* Begin XCConfigurationList section */
		A33F79442507E2A500D665AC /* Build configuration list for PBXProject "swiftUItestProgect" */ = {
			isa = XCConfigurationList;
			buildConfigurations = (
				A33F795B2507E2A700D665AC /* Debug */,
				A33F795C2507E2A700D665AC /* Release */,
			);
			defaultConfigurationIsVisible = 0;
			defaultConfigurationName = Release;
		};
		A33F795D2507E2A700D665AC /* Build configuration list for PBXNativeTarget "swiftUItestProgect" */ = {
			isa = XCConfigurationList;
			buildConfigurations = (
				A33F795E2507E2A700D665AC /* Debug */,
				A33F795F2507E2A700D665AC /* Release */,
			);
			defaultConfigurationIsVisible = 0;
			defaultConfigurationName = Release;
		};
/* End XCConfigurationList section */
	};
	rootObject = A33F79412507E2A500D665AC /* Project object */;
}
